
Microsoft Visual Studio Solution File, Format Version 12.00
# Visual Studio 14
VisualStudioVersion = 14.0.25420.1
MinimumVisualStudioVersion = 10.0.40219.1
Project("{FAE04EC0-301F-11D3-BF4B-00C04F79EFBC}") = "M1NET_S219", "M1NET_S219\M1NET_S219.csproj", "{B87743EF-135C-495F-9472-4226365034B5}"
EndProject
Project("{FAE04EC0-301F-11D3-BF4B-00C04F79EFBC}") = "M1NET_S219_AMBITOS1", "M1NET_S219_AMBITOS1\M1NET_S219_AMBITOS1.csproj", "{25A6ED61-7617-4BD5-9DF4-CEB0F91E694D}"
EndProject
Project("{FAE04EC0-301F-11D3-BF4B-00C04F79EFBC}") = "M1NET_S219_AMBITO2", "M1NET_S219_AMBITO2\M1NET_S219_AMBITO2.csproj", "{795FAE4E-A955-47FE-90B3-5A6E69B407D3}"
EndProject
Project("{FAE04EC0-301F-11D3-BF4B-00C04F79EFBC}") = "M1NET_S219_CONSTRUCTORES", "M1NET_S219_CONSTRUCTORES\M1NET_S219_CONSTRUCTORES.csproj", "{6C048D5B-A8C1-4762-AEF9-495B35AC5220}"
EndProject
Project("{FAE04EC0-301F-11D3-BF4B-00C04F79EFBC}") = "M1NET_S219_ENCAPSULACION", "M1NET_S219_ENCAPSULACION\M1NET_S219_ENCAPSULACION.csproj", "{82EE745E-4BC0-4CE5-9666-F92C894DDCA5}"
EndProject
Project("{FAE04EC0-301F-11D3-BF4B-00C04F79EFBC}") = "M1NET_EJ1S219", "M1NET_EJ1S219\M1NET_EJ1S219.csproj", "{7350E009-2347-4F59-B7B2-D4E9A38F70D7}"
EndProject
Project("{FAE04EC0-301F-11D3-BF4B-00C04F79EFBC}") = "M1NET_EJ2S219", "M1NET_EJ2S219\M1NET_EJ2S219.csproj", "{CE6B98ED-F30F-4C81-9916-715B780B27A5}"
EndProject
Project("{FAE04EC0-301F-11D3-BF4B-00C04F79EFBC}") = "M1NET_EJ3S219", "M1NET_EJ3S219\M1NET_EJ3S219.csproj", "{6907AEFA-FA3F-4EAA-AF02-80F86D5AF962}"
EndProject
Global
	GlobalSection(SolutionConfigurationPlatforms) = preSolution
		Debug|Any CPU = Debug|Any CPU
		Release|Any CPU = Release|Any CPU
	EndGlobalSection
	GlobalSection(ProjectConfigurationPlatforms) = postSolution
		{B87743EF-135C-495F-9472-4226365034B5}.Debug|Any CPU.ActiveCfg = Debug|Any CPU
		{B87743EF-135C-495F-9472-4226365034B5}.Debug|Any CPU.Build.0 = Debug|Any CPU
		{B87743EF-135C-495F-9472-4226365034B5}.Release|Any CPU.ActiveCfg = Release|Any CPU
		{B87743EF-135C-495F-9472-4226365034B5}.Release|Any CPU.Build.0 = Release|Any CPU
		{25A6ED61-7617-4BD5-9DF4-CEB0F91E694D}.Debug|Any CPU.ActiveCfg = Debug|Any CPU
		{25A6ED61-7617-4BD5-9DF4-CEB0F91E694D}.Debug|Any CPU.Build.0 = Debug|Any CPU
		{25A6ED61-7617-4BD5-9DF4-CEB0F91E694D}.Release|Any CPU.ActiveCfg = Release|Any CPU
		{25A6ED61-7617-4BD5-9DF4-CEB0F91E694D}.Release|Any CPU.Build.0 = Release|Any CPU
		{795FAE4E-A955-47FE-90B3-5A6E69B407D3}.Debug|Any CPU.ActiveCfg = Debug|Any CPU
		{795FAE4E-A955-47FE-90B3-5A6E69B407D3}.Debug|Any CPU.Build.0 = Debug|Any CPU
		{795FAE4E-A955-47FE-90B3-5A6E69B407D3}.Release|Any CPU.ActiveCfg = Release|Any CPU
		{795FAE4E-A955-47FE-90B3-5A6E69B407D3}.Release|Any CPU.Build.0 = Release|Any CPU
		{6C048D5B-A8C1-4762-AEF9-495B35AC5220}.Debug|Any CPU.ActiveCfg = Debug|Any CPU
		{6C048D5B-A8C1-4762-AEF9-495B35AC5220}.Debug|Any CPU.Build.0 = Debug|Any CPU
		{6C048D5B-A8C1-4762-AEF9-495B35AC5220}.Release|Any CPU.ActiveCfg = Release|Any CPU
		{6C048D5B-A8C1-4762-AEF9-495B35AC5220}.Release|Any CPU.Build.0 = Release|Any CPU
		{82EE745E-4BC0-4CE5-9666-F92C894DDCA5}.Debug|Any CPU.ActiveCfg = Debug|Any CPU
		{82EE745E-4BC0-4CE5-9666-F92C894DDCA5}.Debug|Any CPU.Build.0 = Debug|Any CPU
		{82EE745E-4BC0-4CE5-9666-F92C894DDCA5}.Release|Any CPU.ActiveCfg = Release|Any CPU
		{82EE745E-4BC0-4CE5-9666-F92C894DDCA5}.Release|Any CPU.Build.0 = Release|Any CPU
		{7350E009-2347-4F59-B7B2-D4E9A38F70D7}.Debug|Any CPU.ActiveCfg = Debug|Any CPU
		{7350E009-2347-4F59-B7B2-D4E9A38F70D7}.Debug|Any CPU.Build.0 = Debug|Any CPU
		{7350E009-2347-4F59-B7B2-D4E9A38F70D7}.Release|Any CPU.ActiveCfg = Release|Any CPU
		{7350E009-2347-4F59-B7B2-D4E9A38F70D7}.Release|Any CPU.Build.0 = Release|Any CPU
		{CE6B98ED-F30F-4C81-9916-715B780B27A5}.Debug|Any CPU.ActiveCfg = Debug|Any CPU
		{CE6B98ED-F30F-4C81-9916-715B780B27A5}.Debug|Any CPU.Build.0 = Debug|Any CPU
		{CE6B98ED-F30F-4C81-9916-715B780B27A5}.Release|Any CPU.ActiveCfg = Release|Any CPU
		{CE6B98ED-F30F-4C81-9916-715B780B27A5}.Release|Any CPU.Build.0 = Release|Any CPU
		{6907AEFA-FA3F-4EAA-AF02-80F86D5AF962}.Debug|Any CPU.ActiveCfg = Debug|Any CPU
		{6907AEFA-FA3F-4EAA-AF02-80F86D5AF962}.Debug|Any CPU.Build.0 = Debug|Any CPU
		{6907AEFA-FA3F-4EAA-AF02-80F86D5AF962}.Release|Any CPU.ActiveCfg = Release|Any CPU
		{6907AEFA-FA3F-4EAA-AF02-80F86D5AF962}.Release|Any CPU.Build.0 = Release|Any CPU
	EndGlobalSection
	GlobalSection(SolutionProperties) = preSolution
		HideSolutionNode = FALSE
	EndGlobalSection
EndGlobal
